
Microsoft Visual Studio Solution File, Format Version 12.00
# Visual Studio 15
VisualStudioVersion = 15.0.27130.2020
MinimumVisualStudioVersion = 10.0.40219.1
Project("{9A19103F-16F7-4668-BE54-9A1E7A4F7556}") = "FFMpegClient", "FFMpegClient\FFMpegClient.csproj", "{0C475393-BB76-41B6-B1DC-640272A9C3E6}"
EndProject
Project("{2150E333-8FDC-42A3-9474-1A3956D46DE8}") = "Solution Files", "Solution Files", "{4EEB565F-87C2-401F-AF0E-C5035D68FD20}"
	ProjectSection(SolutionItems) = preProject
		..\gen-client.ps1 = ..\gen-client.ps1
		..\LICENSE = ..\LICENSE
		..\README.md = ..\README.md
	EndProjectSection
EndProject
Project("{9A19103F-16F7-4668-BE54-9A1E7A4F7556}") = "FFMpegClient.Test", "FFMPEGClient.Test\FFMpegClient.Test.csproj", "{415554E6-34B3-43CE-A56C-0C1EF776BFA8}"
EndProject
Global
	GlobalSection(SolutionConfigurationPlatforms) = preSolution
		Debug|Any CPU = Debug|Any CPU
		Release|Any CPU = Release|Any CPU
	EndGlobalSection
	GlobalSection(ProjectConfigurationPlatforms) = postSolution
		{0C475393-BB76-41B6-B1DC-640272A9C3E6}.Debug|Any CPU.ActiveCfg = Debug|Any CPU
		{0C475393-BB76-41B6-B1DC-640272A9C3E6}.Debug|Any CPU.Build.0 = Debug|Any CPU
		{0C475393-BB76-41B6-B1DC-640272A9C3E6}.Release|Any CPU.ActiveCfg = Release|Any CPU
		{0C475393-BB76-41B6-B1DC-640272A9C3E6}.Release|Any CPU.Build.0 = Release|Any CPU
		{415554E6-34B3-43CE-A56C-0C1EF776BFA8}.Debug|Any CPU.ActiveCfg = Debug|Any CPU
		{415554E6-34B3-43CE-A56C-0C1EF776BFA8}.Debug|Any CPU.Build.0 = Debug|Any CPU
		{415554E6-34B3-43CE-A56C-0C1EF776BFA8}.Release|Any CPU.ActiveCfg = Release|Any CPU
		{415554E6-34B3-43CE-A56C-0C1EF776BFA8}.Release|Any CPU.Build.0 = Release|Any CPU
	EndGlobalSection
	GlobalSection(SolutionProperties) = preSolution
		HideSolutionNode = FALSE
	EndGlobalSection
	GlobalSection(ExtensibilityGlobals) = postSolution
		SolutionGuid = {F1B0DD65-83CE-4D1D-8737-BA9B687147B5}
	EndGlobalSection
EndGlobal
